
Microsoft Visual Studio Solution File, Format Version 12.00
# Visual Studio Version 16
VisualStudioVersion = 16.0.32630.194
MinimumVisualStudioVersion = 10.0.40219.1
Project("{FAE04EC0-301F-11D3-BF4B-00C04F79EFBC}") = "Backend", "Backend\Backend.csproj", "{2E0FC1B5-988F-4EE4-9D84-0B9444112652}"
EndProject
Project("{FAE04EC0-301F-11D3-BF4B-00C04F79EFBC}") = "FrontEnd", "FrontEnd\FrontEnd.csproj", "{964AA89F-5C83-45FB-93E7-E81C57599688}"
EndProject
Global
	GlobalSection(SolutionConfigurationPlatforms) = preSolution
		Debug|Any CPU = Debug|Any CPU
		Release|Any CPU = Release|Any CPU
	EndGlobalSection
	GlobalSection(ProjectConfigurationPlatforms) = postSolution
		{2E0FC1B5-988F-4EE4-9D84-0B9444112652}.Debug|Any CPU.ActiveCfg = Debug|Any CPU
		{2E0FC1B5-988F-4EE4-9D84-0B9444112652}.Debug|Any CPU.Build.0 = Debug|Any CPU
		{2E0FC1B5-988F-4EE4-9D84-0B9444112652}.Release|Any CPU.ActiveCfg = Release|Any CPU
		{2E0FC1B5-988F-4EE4-9D84-0B9444112652}.Release|Any CPU.Build.0 = Release|Any CPU
		{964AA89F-5C83-45FB-93E7-E81C57599688}.Debug|Any CPU.ActiveCfg = Debug|Any CPU
		{964AA89F-5C83-45FB-93E7-E81C57599688}.Debug|Any CPU.Build.0 = Debug|Any CPU
		{964AA89F-5C83-45FB-93E7-E81C57599688}.Release|Any CPU.ActiveCfg = Release|Any CPU
		{964AA89F-5C83-45FB-93E7-E81C57599688}.Release|Any CPU.Build.0 = Release|Any CPU
	EndGlobalSection
	GlobalSection(SolutionProperties) = preSolution
		HideSolutionNode = FALSE
	EndGlobalSection
	GlobalSection(ExtensibilityGlobals) = postSolution
		SolutionGuid = {7F07488B-6D04-4509-96F0-6B6A089536DB}
	EndGlobalSection
EndGlobal
